
Microsoft Visual Studio Solution File, Format Version 12.00
# Visual Studio Version 16
VisualStudioVersion = 16.0.31424.327
MinimumVisualStudioVersion = 10.0.40219.1
Project("{FAE04EC0-301F-11D3-BF4B-00C04F79EFBC}") = "EmployeeAPI", "EmployeeAPI\EmployeeAPI.csproj", "{87DCBF34-6088-4F69-8161-AA294FE7E4CB}"
EndProject
Global
	GlobalSection(SolutionConfigurationPlatforms) = preSolution
		Debug|Any CPU = Debug|Any CPU
		Release|Any CPU = Release|Any CPU
	EndGlobalSection
	GlobalSection(ProjectConfigurationPlatforms) = postSolution
		{87DCBF34-6088-4F69-8161-AA294FE7E4CB}.Debug|Any CPU.ActiveCfg = Debug|Any CPU
		{87DCBF34-6088-4F69-8161-AA294FE7E4CB}.Debug|Any CPU.Build.0 = Debug|Any CPU
		{87DCBF34-6088-4F69-8161-AA294FE7E4CB}.Release|Any CPU.ActiveCfg = Release|Any CPU
		{87DCBF34-6088-4F69-8161-AA294FE7E4CB}.Release|Any CPU.Build.0 = Release|Any CPU
	EndGlobalSection
	GlobalSection(SolutionProperties) = preSolution
		HideSolutionNode = FALSE
	EndGlobalSection
	GlobalSection(ExtensibilityGlobals) = postSolution
		SolutionGuid = {FC77839C-54BF-4A5F-BB5E-224EAE9824A2}
	EndGlobalSection
EndGlobal
